dependencies:
- name: kuberay-operator
  repository: https://ray-project.github.io/kuberay-helm/
  version: 1.0.0
- name: elasticsearch
  repository: https://helm.elastic.co
  version: 7.17.3
- name: influxdb2
  repository: https://helm.influxdata.com
  version: 2.1.1
- name: jaeger
  repository: https://jaegertracing.github.io/helm-charts
  version: 0.71.2
- name: opentelemetry-collector
  repository: https://open-telemetry.github.io/opentelemetry-helm-charts
  version: 0.59.1
- name: kube-prometheus-stack
  repository: https://prometheus-community.github.io/helm-charts
  version: 48.2.1
- name: grafana
  repository: https://grafana.github.io/helm-charts
  version: 7.0.19
digest: sha256:cc5d2baa4d56e12db43d69005b7dadf02945026b89b5f011983b40d66116b58b
generated: "2024-03-28T03:28:47.415942+08:00"
