dependencies:
- name: influxdb2
  repository: https://helm.influxdata.com
  version: 2.1.1
- name: opentelemetry-collector
  repository: https://open-telemetry.github.io/opentelemetry-helm-charts
  version: 0.129.0
digest: sha256:2f6613db8d26587e59afaf8fe383662f75c79a09a17a2dcb36595e01704bca34
generated: "2025-08-03T16:31:33.676006+01:00"
