dependencies:
- name: etcd
  repository: https://charts.bitnami.com/bitnami
  version: 8.8.1
- name: elasticsearch
  repository: https://helm.elastic.co
  version: 7.17.3
- name: influxdb2
  repository: https://helm.influxdata.com
  version: 2.1.1
- name: jaeger
  repository: https://jaegertracing.github.io/helm-charts
  version: 0.71.2
- name: prometheus
  repository: https://prometheus-community.github.io/helm-charts
  version: 22.6.2
- name: grafana
  repository: https://grafana.github.io/helm-charts
  version: 6.56.6
- name: opentelemetry-collector
  repository: https://open-telemetry.github.io/opentelemetry-helm-charts
  version: 0.59.1
digest: sha256:3c7a72d5470518ebdf5e3c053ff35843affc43a3c1c6a95a387ace894f1980de
generated: "2023-05-30T23:41:01.588869+01:00"
